
Microsoft Visual Studio Solution File, Format Version 12.00
# Visual Studio 2013
VisualStudioVersion = 12.0.30501.0
MinimumVisualStudioVersion = 10.0.40219.1
Project("{8BC9CEB8-8B4A-11D0-8D11-00A0C91BC942}") = "CppLog", "CppLog\CppLog.vcxproj", "{AF383CD7-940C-4B76-92F3-871C7BD4A2C4}"
EndProject
Project("{8BC9CEB8-8B4A-11D0-8D11-00A0C91BC942}") = "CppLog_UnitTest", "CppLog_UnitTest\CppLog_UnitTest.vcxproj", "{01260674-2A75-43B5-90E7-E161A8480726}"
	ProjectSection(ProjectDependencies) = postProject
		{AF383CD7-940C-4B76-92F3-871C7BD4A2C4} = {AF383CD7-940C-4B76-92F3-871C7BD4A2C4}
	EndProjectSection
EndProject
Global
	GlobalSection(SolutionConfigurationPlatforms) = preSolution
		Debug|Win32 = Debug|Win32
		Release|Win32 = Release|Win32
	EndGlobalSection
	GlobalSection(ProjectConfigurationPlatforms) = postSolution
		{AF383CD7-940C-4B76-92F3-871C7BD4A2C4}.Debug|Win32.ActiveCfg = Debug|Win32
		{AF383CD7-940C-4B76-92F3-871C7BD4A2C4}.Debug|Win32.Build.0 = Debug|Win32
		{AF383CD7-940C-4B76-92F3-871C7BD4A2C4}.Release|Win32.ActiveCfg = Release|Win32
		{AF383CD7-940C-4B76-92F3-871C7BD4A2C4}.Release|Win32.Build.0 = Release|Win32
		{01260674-2A75-43B5-90E7-E161A8480726}.Debug|Win32.ActiveCfg = Debug|Win32
		{01260674-2A75-43B5-90E7-E161A8480726}.Debug|Win32.Build.0 = Debug|Win32
		{01260674-2A75-43B5-90E7-E161A8480726}.Release|Win32.ActiveCfg = Release|Win32
		{01260674-2A75-43B5-90E7-E161A8480726}.Release|Win32.Build.0 = Release|Win32
	EndGlobalSection
	GlobalSection(SolutionProperties) = preSolution
		HideSolutionNode = FALSE
	EndGlobalSection
EndGlobal
